
Microsoft Visual Studio Solution File, Format Version 12.00
# Visual Studio 15
VisualStudioVersion = 15.0.28307.539
MinimumVisualStudioVersion = 10.0.40219.1
Project("{8BC9CEB8-8B4A-11D0-8D11-00A0C91BC942}") = "AipuLib", "AipuLib\AipuLib.vcxproj", "{CDF6C3BA-18C3-400B-A716-8F01153EF2F1}"
EndProject
Project("{54435603-DBB4-11D2-8724-00A0C9A8B90C}") = "Setup", "Setup\Setup.vdproj", "{17A51460-EBDA-4BC0-A581-D599A9759E48}"
EndProject
Global
	GlobalSection(SolutionConfigurationPlatforms) = preSolution
		Debug|Win32 = Debug|Win32
		Debug|x64 = Debug|x64
		Debug|x86 = Debug|x86
		Release|Win32 = Release|Win32
		Release|x64 = Release|x64
		Release|x86 = Release|x86
	EndGlobalSection
	GlobalSection(ProjectConfigurationPlatforms) = postSolution
		{CDF6C3BA-18C3-400B-A716-8F01153EF2F1}.Debug|Win32.ActiveCfg = Debug|Win32
		{CDF6C3BA-18C3-400B-A716-8F01153EF2F1}.Debug|Win32.Build.0 = Debug|Win32
		{CDF6C3BA-18C3-400B-A716-8F01153EF2F1}.Debug|x64.ActiveCfg = Debug|x64
		{CDF6C3BA-18C3-400B-A716-8F01153EF2F1}.Debug|x64.Build.0 = Debug|x64
		{CDF6C3BA-18C3-400B-A716-8F01153EF2F1}.Debug|x86.ActiveCfg = Debug|Win32
		{CDF6C3BA-18C3-400B-A716-8F01153EF2F1}.Debug|x86.Build.0 = Debug|Win32
		{CDF6C3BA-18C3-400B-A716-8F01153EF2F1}.Release|Win32.ActiveCfg = Release|Win32
		{CDF6C3BA-18C3-400B-A716-8F01153EF2F1}.Release|Win32.Build.0 = Release|Win32
		{CDF6C3BA-18C3-400B-A716-8F01153EF2F1}.Release|x64.ActiveCfg = Release|x64
		{CDF6C3BA-18C3-400B-A716-8F01153EF2F1}.Release|x64.Build.0 = Release|x64
		{CDF6C3BA-18C3-400B-A716-8F01153EF2F1}.Release|x86.ActiveCfg = Release|Win32
		{CDF6C3BA-18C3-400B-A716-8F01153EF2F1}.Release|x86.Build.0 = Release|Win32
		{17A51460-EBDA-4BC0-A581-D599A9759E48}.Debug|Win32.ActiveCfg = Debug
		{17A51460-EBDA-4BC0-A581-D599A9759E48}.Debug|Win32.Build.0 = Debug
		{17A51460-EBDA-4BC0-A581-D599A9759E48}.Debug|x64.ActiveCfg = Debug
		{17A51460-EBDA-4BC0-A581-D599A9759E48}.Debug|x86.ActiveCfg = Debug
		{17A51460-EBDA-4BC0-A581-D599A9759E48}.Release|Win32.ActiveCfg = Release
		{17A51460-EBDA-4BC0-A581-D599A9759E48}.Release|Win32.Build.0 = Release
		{17A51460-EBDA-4BC0-A581-D599A9759E48}.Release|x64.ActiveCfg = Release
		{17A51460-EBDA-4BC0-A581-D599A9759E48}.Release|x64.Build.0 = Release
		{17A51460-EBDA-4BC0-A581-D599A9759E48}.Release|x86.ActiveCfg = Release
	EndGlobalSection
	GlobalSection(SolutionProperties) = preSolution
		HideSolutionNode = FALSE
	EndGlobalSection
	GlobalSection(ExtensibilityGlobals) = postSolution
		SolutionGuid = {6D1BF7D1-D545-4D9D-AD7F-573BFD3DFF29}
	EndGlobalSection
EndGlobal
